Microsoft Visual Studio Solution File, Format Version 11.00
# Visual Studio 2008

Project("{64CBA8AF-93B4-0D2A-1CD3-B19A361F1CDE}") = "Assignment1_AaronFernandes", "Assembly-CSharp.csproj", "{8140CB2E-3345-0544-9AE8-81951D3FB159}"
EndProject
Global
	GlobalSection(SolutionConfigurationPlatforms) = preSolution
		Debug|Any CPU = Debug|Any CPU
		Release|Any CPU = Release|Any CPU
	EndGlobalSection
	GlobalSection(ProjectConfigurationPlatforms) = postSolution
		{8140CB2E-3345-0544-9AE8-81951D3FB159}.Debug|Any CPU.ActiveCfg = Debug|Any CPU
		{8140CB2E-3345-0544-9AE8-81951D3FB159}.Debug|Any CPU.Build.0 = Debug|Any CPU
		{8140CB2E-3345-0544-9AE8-81951D3FB159}.Release|Any CPU.ActiveCfg = Release|Any CPU
		{8140CB2E-3345-0544-9AE8-81951D3FB159}.Release|Any CPU.Build.0 = Release|Any CPU
	EndGlobalSection
	GlobalSection(SolutionProperties) = preSolution
		HideSolutionNode = FALSE
	EndGlobalSection
	GlobalSection(MonoDevelopProperties) = preSolution
		StartupItem = Assembly-CSharp.csproj
	EndGlobalSection
EndGlobal
